
Microsoft Visual Studio Solution File, Format Version 12.00
# Visual Studio 2012
Project("{F184B08F-C81C-45F6-A57F-5ABD9991F28F}") = "GoogleKeywordsStatsScraper", "GoogleKeywordsStatsScraper\GoogleKeywordsStatsScraper.vbproj", "{D0C4CAAA-3E33-4591-8B69-306FDE57B4F1}"
EndProject
Project("{F184B08F-C81C-45F6-A57F-5ABD9991F28F}") = "ScrapeLib", "..\..\..\Scrapers\My Scraping .Net DLL\Code\ScrapeLib\ScrapeLib.vbproj", "{67D0D71A-6039-4EC5-9D1D-2E1990394A3E}"
EndProject
Global
	GlobalSection(SolutionConfigurationPlatforms) = preSolution
		Debug|Any CPU = Debug|Any CPU
		RDB|Any CPU = RDB|Any CPU
		Release|Any CPU = Release|Any CPU
	EndGlobalSection
	GlobalSection(ProjectConfigurationPlatforms) = postSolution
		{D0C4CAAA-3E33-4591-8B69-306FDE57B4F1}.Debug|Any CPU.ActiveCfg = Debug|Any CPU
		{D0C4CAAA-3E33-4591-8B69-306FDE57B4F1}.Debug|Any CPU.Build.0 = Debug|Any CPU
		{D0C4CAAA-3E33-4591-8B69-306FDE57B4F1}.RDB|Any CPU.ActiveCfg = Release|Any CPU
		{D0C4CAAA-3E33-4591-8B69-306FDE57B4F1}.RDB|Any CPU.Build.0 = Release|Any CPU
		{D0C4CAAA-3E33-4591-8B69-306FDE57B4F1}.Release|Any CPU.ActiveCfg = Release|Any CPU
		{D0C4CAAA-3E33-4591-8B69-306FDE57B4F1}.Release|Any CPU.Build.0 = Release|Any CPU
		{67D0D71A-6039-4EC5-9D1D-2E1990394A3E}.Debug|Any CPU.ActiveCfg = Debug|Any CPU
		{67D0D71A-6039-4EC5-9D1D-2E1990394A3E}.Debug|Any CPU.Build.0 = Debug|Any CPU
		{67D0D71A-6039-4EC5-9D1D-2E1990394A3E}.RDB|Any CPU.ActiveCfg = RDB|Any CPU
		{67D0D71A-6039-4EC5-9D1D-2E1990394A3E}.RDB|Any CPU.Build.0 = RDB|Any CPU
		{67D0D71A-6039-4EC5-9D1D-2E1990394A3E}.Release|Any CPU.ActiveCfg = Release|Any CPU
		{67D0D71A-6039-4EC5-9D1D-2E1990394A3E}.Release|Any CPU.Build.0 = Release|Any CPU
	EndGlobalSection
	GlobalSection(SolutionProperties) = preSolution
		HideSolutionNode = FALSE
	EndGlobalSection
EndGlobal
